
Microsoft Visual Studio Solution File, Format Version 12.00
# Visual Studio Version 17
VisualStudioVersion = 17.3.32922.545
MinimumVisualStudioVersion = 10.0.40219.1
Project("{2150E333-8FDC-42A3-9474-1A3956D46DE8}") = "identity", "identity", "{6C0EB938-9917-4300-A90B-C55E710A3308}"
EndProject
Project("{2150E333-8FDC-42A3-9474-1A3956D46DE8}") = "metadatos", "metadatos", "{C12B8EB2-0DA8-459A-9126-0D6A9E2DE690}"
EndProject
Project("{9A19103F-16F7-4668-BE54-9A1E7A4F7556}") = "pika.api.metadatos", "metadatos\pika.api.metadatos\pika.api.metadatos.csproj", "{1A18CBA2-EFC8-4954-A497-49002EDA9CE5}"
EndProject
Project("{9A19103F-16F7-4668-BE54-9A1E7A4F7556}") = "pika.comun.metadatos", "pika.comun.metadatos\pika.comun.metadatos.csproj", "{2F42D4E4-A952-4E37-B3D7-190E3C2BBC12}"
EndProject
Project("{2150E333-8FDC-42A3-9474-1A3956D46DE8}") = "comunes", "comunes", "{29434CF5-2D46-442D-AB3D-94E426F0A66B}"
EndProject
Project("{9A19103F-16F7-4668-BE54-9A1E7A4F7556}") = "api.comunes", "infraestructura\api.comunes\api.comunes.csproj", "{8FA021CB-8072-4D9F-B5F2-DAE4B0A97F53}"
EndProject
Project("{2150E333-8FDC-42A3-9474-1A3956D46DE8}") = "gestiondocumental", "gestiondocumental", "{198602A7-7F07-4FC6-927C-C574361CA9A0}"
EndProject
Project("{9A19103F-16F7-4668-BE54-9A1E7A4F7556}") = "pika.modelo.gestiondocumental", "gestiondocumental\pika.modelo.gestiondocumental\pika.modelo.gestiondocumental.csproj", "{AA8235A5-1225-474B-9AE0-6987FE71EA70}"
EndProject
Project("{9A19103F-16F7-4668-BE54-9A1E7A4F7556}") = "pika.api.identity", "identity\pika.api.identity\pika.api.identity.csproj", "{DBEB588B-81BF-4A56-B702-4993E6EA3BA1}"
EndProject
Project("{9A19103F-16F7-4668-BE54-9A1E7A4F7556}") = "pika.servicios.gestiondocumental", "gestiondocumental\pika.servicios.gestiondocumental\pika.servicios.gestiondocumental.csproj", "{9916A095-2AB6-424B-A0BF-742906A8CE49}"
EndProject
Project("{9A19103F-16F7-4668-BE54-9A1E7A4F7556}") = "pika.api.gestiondocumental", "gestiondocumental\pika.api.gestiondocumental\pika.api.gestiondocumental.csproj", "{9C6370EF-97C4-430B-A13D-69F2E58891ED}"
EndProject
Project("{9A19103F-16F7-4668-BE54-9A1E7A4F7556}") = "api.comunes.modelos", "infraestructura\api.comunes.modelos\api.comunes.modelos.csproj", "{F10C2F66-3616-447D-825A-3CEAEC229C95}"
EndProject
Project("{2150E333-8FDC-42A3-9474-1A3956D46DE8}") = "organizacion", "organizacion", "{BB4B6C29-09EF-4418-A681-4941D59DA953}"
EndProject
Project("{2150E333-8FDC-42A3-9474-1A3956D46DE8}") = "contenido", "contenido", "{0BDE2D9C-AF7D-4E55-B512-EE8EBF147ABA}"
EndProject
Project("{2150E333-8FDC-42A3-9474-1A3956D46DE8}") = "dominios", "dominios", "{5D5E98E8-08B8-42E3-A0CC-C7D17B34024A}"
EndProject
Project("{9A19103F-16F7-4668-BE54-9A1E7A4F7556}") = "pika.api.organizacion", "organizacion\pika.api.organizacion\pika.api.organizacion.csproj", "{2CAFE4D5-5671-434D-B882-439109EDE69D}"
EndProject
Project("{9A19103F-16F7-4668-BE54-9A1E7A4F7556}") = "pika.modelo.organizacion", "organizacion\pika.modelo.organizacion\pika.modelo.organizacion.csproj", "{421B8666-1C57-4EDE-8EE0-0203FC167084}"
EndProject
Project("{9A19103F-16F7-4668-BE54-9A1E7A4F7556}") = "pika.servicios.organizacion", "organizacion\pika.servicios.organizacion\pika.servicios.organizacion.csproj", "{E851BCD9-463A-4F03-9928-6FF4F463CFD5}"
EndProject
Project("{9A19103F-16F7-4668-BE54-9A1E7A4F7556}") = "pika.api.contenido", "contenido\pika.api.contenido\pika.api.contenido.csproj", "{7A03DF15-D01B-4D19-9DA8-B8CD0B332503}"
EndProject
Project("{9A19103F-16F7-4668-BE54-9A1E7A4F7556}") = "pika.modelo.contenido", "contenido\pika.modelo.contenido\pika.modelo.contenido.csproj", "{7916FA46-94A9-4E30-A47B-2615B03BAE75}"
EndProject
Project("{9A19103F-16F7-4668-BE54-9A1E7A4F7556}") = "pika.servicios.contenido", "contenido\pika.servicios.contenido\pika.servicios.contenido.csproj", "{AD8C1AD0-EE8D-47BD-9947-F67200A92EAB}"
EndProject
Project("{9A19103F-16F7-4668-BE54-9A1E7A4F7556}") = "api.comunes.metadatos", "infraestructura\api.comunes.metadatos\api.comunes.metadatos.csproj", "{2FC6AE10-2A9C-4AAF-B536-E2098A4A3904}"
EndProject
Project("{9A19103F-16F7-4668-BE54-9A1E7A4F7556}") = "mysql.comunes", "infraestructura\mysql.comunes\mysql.comunes.csproj", "{709EF50B-E4D2-4D35-B585-6C20819AE4FA}"
EndProject
Project("{FAE04EC0-301F-11D3-BF4B-00C04F79EFBC}") = "api.configuracion", "infraestructura\api.configuracion\api.configuracion.csproj", "{E19641AE-7F60-4F98-B804-41DEF5BFDE39}"
EndProject
Global
	GlobalSection(SolutionConfigurationPlatforms) = preSolution
		Debug|Any CPU = Debug|Any CPU
		Release|Any CPU = Release|Any CPU
	EndGlobalSection
	GlobalSection(ProjectConfigurationPlatforms) = postSolution
		{1A18CBA2-EFC8-4954-A497-49002EDA9CE5}.Debug|Any CPU.ActiveCfg = Debug|Any CPU
		{1A18CBA2-EFC8-4954-A497-49002EDA9CE5}.Debug|Any CPU.Build.0 = Debug|Any CPU
		{1A18CBA2-EFC8-4954-A497-49002EDA9CE5}.Release|Any CPU.ActiveCfg = Release|Any CPU
		{1A18CBA2-EFC8-4954-A497-49002EDA9CE5}.Release|Any CPU.Build.0 = Release|Any CPU
		{2F42D4E4-A952-4E37-B3D7-190E3C2BBC12}.Debug|Any CPU.ActiveCfg = Debug|Any CPU
		{2F42D4E4-A952-4E37-B3D7-190E3C2BBC12}.Debug|Any CPU.Build.0 = Debug|Any CPU
		{2F42D4E4-A952-4E37-B3D7-190E3C2BBC12}.Release|Any CPU.ActiveCfg = Release|Any CPU
		{2F42D4E4-A952-4E37-B3D7-190E3C2BBC12}.Release|Any CPU.Build.0 = Release|Any CPU
		{8FA021CB-8072-4D9F-B5F2-DAE4B0A97F53}.Debug|Any CPU.ActiveCfg = Debug|Any CPU
		{8FA021CB-8072-4D9F-B5F2-DAE4B0A97F53}.Debug|Any CPU.Build.0 = Debug|Any CPU
		{8FA021CB-8072-4D9F-B5F2-DAE4B0A97F53}.Release|Any CPU.ActiveCfg = Release|Any CPU
		{8FA021CB-8072-4D9F-B5F2-DAE4B0A97F53}.Release|Any CPU.Build.0 = Release|Any CPU
		{AA8235A5-1225-474B-9AE0-6987FE71EA70}.Debug|Any CPU.ActiveCfg = Debug|Any CPU
		{AA8235A5-1225-474B-9AE0-6987FE71EA70}.Debug|Any CPU.Build.0 = Debug|Any CPU
		{AA8235A5-1225-474B-9AE0-6987FE71EA70}.Release|Any CPU.ActiveCfg = Release|Any CPU
		{AA8235A5-1225-474B-9AE0-6987FE71EA70}.Release|Any CPU.Build.0 = Release|Any CPU
		{DBEB588B-81BF-4A56-B702-4993E6EA3BA1}.Debug|Any CPU.ActiveCfg = Debug|Any CPU
		{DBEB588B-81BF-4A56-B702-4993E6EA3BA1}.Debug|Any CPU.Build.0 = Debug|Any CPU
		{DBEB588B-81BF-4A56-B702-4993E6EA3BA1}.Release|Any CPU.ActiveCfg = Release|Any CPU
		{DBEB588B-81BF-4A56-B702-4993E6EA3BA1}.Release|Any CPU.Build.0 = Release|Any CPU
		{9916A095-2AB6-424B-A0BF-742906A8CE49}.Debug|Any CPU.ActiveCfg = Debug|Any CPU
		{9916A095-2AB6-424B-A0BF-742906A8CE49}.Debug|Any CPU.Build.0 = Debug|Any CPU
		{9916A095-2AB6-424B-A0BF-742906A8CE49}.Release|Any CPU.ActiveCfg = Release|Any CPU
		{9916A095-2AB6-424B-A0BF-742906A8CE49}.Release|Any CPU.Build.0 = Release|Any CPU
		{9C6370EF-97C4-430B-A13D-69F2E58891ED}.Debug|Any CPU.ActiveCfg = Debug|Any CPU
		{9C6370EF-97C4-430B-A13D-69F2E58891ED}.Debug|Any CPU.Build.0 = Debug|Any CPU
		{9C6370EF-97C4-430B-A13D-69F2E58891ED}.Release|Any CPU.ActiveCfg = Release|Any CPU
		{9C6370EF-97C4-430B-A13D-69F2E58891ED}.Release|Any CPU.Build.0 = Release|Any CPU
		{F10C2F66-3616-447D-825A-3CEAEC229C95}.Debug|Any CPU.ActiveCfg = Debug|Any CPU
		{F10C2F66-3616-447D-825A-3CEAEC229C95}.Debug|Any CPU.Build.0 = Debug|Any CPU
		{F10C2F66-3616-447D-825A-3CEAEC229C95}.Release|Any CPU.ActiveCfg = Release|Any CPU
		{F10C2F66-3616-447D-825A-3CEAEC229C95}.Release|Any CPU.Build.0 = Release|Any CPU
		{2CAFE4D5-5671-434D-B882-439109EDE69D}.Debug|Any CPU.ActiveCfg = Debug|Any CPU
		{2CAFE4D5-5671-434D-B882-439109EDE69D}.Debug|Any CPU.Build.0 = Debug|Any CPU
		{2CAFE4D5-5671-434D-B882-439109EDE69D}.Release|Any CPU.ActiveCfg = Release|Any CPU
		{2CAFE4D5-5671-434D-B882-439109EDE69D}.Release|Any CPU.Build.0 = Release|Any CPU
		{421B8666-1C57-4EDE-8EE0-0203FC167084}.Debug|Any CPU.ActiveCfg = Debug|Any CPU
		{421B8666-1C57-4EDE-8EE0-0203FC167084}.Debug|Any CPU.Build.0 = Debug|Any CPU
		{421B8666-1C57-4EDE-8EE0-0203FC167084}.Release|Any CPU.ActiveCfg = Release|Any CPU
		{421B8666-1C57-4EDE-8EE0-0203FC167084}.Release|Any CPU.Build.0 = Release|Any CPU
		{E851BCD9-463A-4F03-9928-6FF4F463CFD5}.Debug|Any CPU.ActiveCfg = Debug|Any CPU
		{E851BCD9-463A-4F03-9928-6FF4F463CFD5}.Debug|Any CPU.Build.0 = Debug|Any CPU
		{E851BCD9-463A-4F03-9928-6FF4F463CFD5}.Release|Any CPU.ActiveCfg = Release|Any CPU
		{E851BCD9-463A-4F03-9928-6FF4F463CFD5}.Release|Any CPU.Build.0 = Release|Any CPU
		{7A03DF15-D01B-4D19-9DA8-B8CD0B332503}.Debug|Any CPU.ActiveCfg = Debug|Any CPU
		{7A03DF15-D01B-4D19-9DA8-B8CD0B332503}.Debug|Any CPU.Build.0 = Debug|Any CPU
		{7A03DF15-D01B-4D19-9DA8-B8CD0B332503}.Release|Any CPU.ActiveCfg = Release|Any CPU
		{7A03DF15-D01B-4D19-9DA8-B8CD0B332503}.Release|Any CPU.Build.0 = Release|Any CPU
		{7916FA46-94A9-4E30-A47B-2615B03BAE75}.Debug|Any CPU.ActiveCfg = Debug|Any CPU
		{7916FA46-94A9-4E30-A47B-2615B03BAE75}.Debug|Any CPU.Build.0 = Debug|Any CPU
		{7916FA46-94A9-4E30-A47B-2615B03BAE75}.Release|Any CPU.ActiveCfg = Release|Any CPU
		{7916FA46-94A9-4E30-A47B-2615B03BAE75}.Release|Any CPU.Build.0 = Release|Any CPU
		{AD8C1AD0-EE8D-47BD-9947-F67200A92EAB}.Debug|Any CPU.ActiveCfg = Debug|Any CPU
		{AD8C1AD0-EE8D-47BD-9947-F67200A92EAB}.Debug|Any CPU.Build.0 = Debug|Any CPU
		{AD8C1AD0-EE8D-47BD-9947-F67200A92EAB}.Release|Any CPU.ActiveCfg = Release|Any CPU
		{AD8C1AD0-EE8D-47BD-9947-F67200A92EAB}.Release|Any CPU.Build.0 = Release|Any CPU
		{2FC6AE10-2A9C-4AAF-B536-E2098A4A3904}.Debug|Any CPU.ActiveCfg = Debug|Any CPU
		{2FC6AE10-2A9C-4AAF-B536-E2098A4A3904}.Debug|Any CPU.Build.0 = Debug|Any CPU
		{2FC6AE10-2A9C-4AAF-B536-E2098A4A3904}.Release|Any CPU.ActiveCfg = Release|Any CPU
		{2FC6AE10-2A9C-4AAF-B536-E2098A4A3904}.Release|Any CPU.Build.0 = Release|Any CPU
		{709EF50B-E4D2-4D35-B585-6C20819AE4FA}.Debug|Any CPU.ActiveCfg = Debug|Any CPU
		{709EF50B-E4D2-4D35-B585-6C20819AE4FA}.Debug|Any CPU.Build.0 = Debug|Any CPU
		{709EF50B-E4D2-4D35-B585-6C20819AE4FA}.Release|Any CPU.ActiveCfg = Release|Any CPU
		{709EF50B-E4D2-4D35-B585-6C20819AE4FA}.Release|Any CPU.Build.0 = Release|Any CPU
		{E19641AE-7F60-4F98-B804-41DEF5BFDE39}.Debug|Any CPU.ActiveCfg = Debug|Any CPU
		{E19641AE-7F60-4F98-B804-41DEF5BFDE39}.Debug|Any CPU.Build.0 = Debug|Any CPU
		{E19641AE-7F60-4F98-B804-41DEF5BFDE39}.Release|Any CPU.ActiveCfg = Release|Any CPU
		{E19641AE-7F60-4F98-B804-41DEF5BFDE39}.Release|Any CPU.Build.0 = Release|Any CPU
	EndGlobalSection
	GlobalSection(SolutionProperties) = preSolution
		HideSolutionNode = FALSE
	EndGlobalSection
	GlobalSection(NestedProjects) = preSolution
		{1A18CBA2-EFC8-4954-A497-49002EDA9CE5} = {C12B8EB2-0DA8-459A-9126-0D6A9E2DE690}
		{2F42D4E4-A952-4E37-B3D7-190E3C2BBC12} = {C12B8EB2-0DA8-459A-9126-0D6A9E2DE690}
		{8FA021CB-8072-4D9F-B5F2-DAE4B0A97F53} = {29434CF5-2D46-442D-AB3D-94E426F0A66B}
		{198602A7-7F07-4FC6-927C-C574361CA9A0} = {5D5E98E8-08B8-42E3-A0CC-C7D17B34024A}
		{AA8235A5-1225-474B-9AE0-6987FE71EA70} = {198602A7-7F07-4FC6-927C-C574361CA9A0}
		{DBEB588B-81BF-4A56-B702-4993E6EA3BA1} = {6C0EB938-9917-4300-A90B-C55E710A3308}
		{9916A095-2AB6-424B-A0BF-742906A8CE49} = {198602A7-7F07-4FC6-927C-C574361CA9A0}
		{9C6370EF-97C4-430B-A13D-69F2E58891ED} = {198602A7-7F07-4FC6-927C-C574361CA9A0}
		{F10C2F66-3616-447D-825A-3CEAEC229C95} = {29434CF5-2D46-442D-AB3D-94E426F0A66B}
		{BB4B6C29-09EF-4418-A681-4941D59DA953} = {5D5E98E8-08B8-42E3-A0CC-C7D17B34024A}
		{0BDE2D9C-AF7D-4E55-B512-EE8EBF147ABA} = {5D5E98E8-08B8-42E3-A0CC-C7D17B34024A}
		{2CAFE4D5-5671-434D-B882-439109EDE69D} = {BB4B6C29-09EF-4418-A681-4941D59DA953}
		{421B8666-1C57-4EDE-8EE0-0203FC167084} = {BB4B6C29-09EF-4418-A681-4941D59DA953}
		{E851BCD9-463A-4F03-9928-6FF4F463CFD5} = {BB4B6C29-09EF-4418-A681-4941D59DA953}
		{7A03DF15-D01B-4D19-9DA8-B8CD0B332503} = {0BDE2D9C-AF7D-4E55-B512-EE8EBF147ABA}
		{7916FA46-94A9-4E30-A47B-2615B03BAE75} = {0BDE2D9C-AF7D-4E55-B512-EE8EBF147ABA}
		{AD8C1AD0-EE8D-47BD-9947-F67200A92EAB} = {0BDE2D9C-AF7D-4E55-B512-EE8EBF147ABA}
		{2FC6AE10-2A9C-4AAF-B536-E2098A4A3904} = {29434CF5-2D46-442D-AB3D-94E426F0A66B}
		{709EF50B-E4D2-4D35-B585-6C20819AE4FA} = {29434CF5-2D46-442D-AB3D-94E426F0A66B}
		{E19641AE-7F60-4F98-B804-41DEF5BFDE39} = {29434CF5-2D46-442D-AB3D-94E426F0A66B}
	EndGlobalSection
	GlobalSection(ExtensibilityGlobals) = postSolution
		SolutionGuid = {5708F7F9-1C1E-462C-9F2C-661078716A4D}
	EndGlobalSection
EndGlobal
